// !$*UTF8*$!
{
	archiveVersion = 1;
	classes = {
	};
	objectVersion = 46;
	objects = {

/* Begin PBXBuildFile section */
		877A9EA11D9E13B100EF6EE6 /* AppDelegate.swift in Sources */ = {isa = PBXBuildFile; fileRef = 877A9EA01D9E13B100EF6EE6 /* AppDelegate.swift */; };
		877A9EA61D9E13B100EF6EE6 /* Main.storyboard in Resources */ = {isa = PBXBuildFile; fileRef = 877A9EA41D9E13B100EF6EE6 /* Main.storyboard */; };
		877A9EA81D9E13B100EF6EE6 /* Assets.xcassets in Resources */ = {isa = PBXBuildFile; fileRef = 877A9EA71D9E13B100EF6EE6 /* Assets.xcassets */; };
		877A9EB31D9E149D00EF6EE6 /* NoteListViewController.swift in Sources */ = {isa = PBXBuildFile; fileRef = 877A9EB21D9E149D00EF6EE6 /* NoteListViewController.swift */; };
		877A9EB51D9E16BC00EF6EE6 /* Note.swift in Sources */ = {isa = PBXBuildFile; fileRef = 877A9EB41D9E16BC00EF6EE6 /* Note.swift */; };
		87CA218F1DA63B2B00416E38 /* NoteViewController.swift in Sources */ = {isa = PBXBuildFile; fileRef = 87CA218E1DA63B2B00416E38 /* NoteViewController.swift */; };
		A51F08801DF34D3E00E20B78 /* DataManager.swift in Sources */ = {isa = PBXBuildFile; fileRef = A51F087F1DF34D3E00E20B78 /* DataManager.swift */; };
		A51F08821DF3517900E20B78 /* DatabaseService.swift in Sources */ = {isa = PBXBuildFile; fileRef = A51F08811DF3517900E20B78 /* DatabaseService.swift */; };
		A527D2251DF215FA00BF9F02 /* fei.sqlite in Resources */ = {isa = PBXBuildFile; fileRef = A527D2241DF215FA00BF9F02 /* fei.sqlite */; };
		A5F152E61DEE52AB00C9ACF0 /* FMDatabase.m in Sources */ = {isa = PBXBuildFile; fileRef = A5F152DB1DEE52AB00C9ACF0 /* FMDatabase.m */; settings = {COMPILER_FLAGS = "-fno-objc-arc"; }; };
		A5F152E71DEE52AB00C9ACF0 /* FMDatabaseAdditions.m in Sources */ = {isa = PBXBuildFile; fileRef = A5F152DD1DEE52AB00C9ACF0 /* FMDatabaseAdditions.m */; settings = {COMPILER_FLAGS = "-fno-objc-arc"; }; };
		A5F152E81DEE52AB00C9ACF0 /* FMDatabasePool.m in Sources */ = {isa = PBXBuildFile; fileRef = A5F152DF1DEE52AB00C9ACF0 /* FMDatabasePool.m */; settings = {COMPILER_FLAGS = "-fno-objc-arc"; }; };
		A5F152E91DEE52AB00C9ACF0 /* FMDatabaseQueue.m in Sources */ = {isa = PBXBuildFile; fileRef = A5F152E11DEE52AB00C9ACF0 /* FMDatabaseQueue.m */; settings = {COMPILER_FLAGS = "-fno-objc-arc"; }; };
		A5F152EA1DEE52AB00C9ACF0 /* FMResultSet.m in Sources */ = {isa = PBXBuildFile; fileRef = A5F152E41DEE52AB00C9ACF0 /* FMResultSet.m */; settings = {COMPILER_FLAGS = "-fno-objc-arc"; }; };
		A5F152EB1DEE52AB00C9ACF0 /* Info.plist in Resources */ = {isa = PBXBuildFile; fileRef = A5F152E51DEE52AB00C9ACF0 /* Info.plist */; };
		A5F152F31DEEBADA00C9ACF0 /* Util.swift in Sources */ = {isa = PBXBuildFile; fileRef = A5F152F21DEEBADA00C9ACF0 /* Util.swift */; };
		A5F191961DEE4F7400A797F5 /* libsqlite3.0.tbd in Frameworks */ = {isa = PBXBuildFile; fileRef = A5F191951DEE4F7400A797F5 /* libsqlite3.0.tbd */; };
		A5F191981DEE524700A797F5 /* fmdb in Resources */ = {isa = PBXBuildFile; fileRef = A5F191971DEE524700A797F5 /* fmdb */; };
/* End PBXBuildFile section */

/* Begin PBXFileReference section */
		877A9E9D1D9E13B100EF6EE6 /* NoteApp_Swift.app */ = {isa = PBXFileReference; explicitFileType = wrapper.application; includeInIndex = 0; path = NoteApp_Swift.app; sourceTree = BUILT_PRODUCTS_DIR; };
		877A9EA01D9E13B100EF6EE6 /* AppDelegate.swift */ = {isa = PBXFileReference; lastKnownFileType = sourcecode.swift; path = AppDelegate.swift; sourceTree = "<group>"; };
		877A9EA51D9E13B100EF6EE6 /* Base */ = {isa = PBXFileReference; lastKnownFileType = file.storyboard; name = Base; path = Base.lproj/Main.storyboard; sourceTree = "<group>"; };
		877A9EA71D9E13B100EF6EE6 /* Assets.xcassets */ = {isa = PBXFileReference; lastKnownFileType = folder.assetcatalog; path = Assets.xcassets; sourceTree = "<group>"; };
		877A9EAC1D9E13B100EF6EE6 /* Info.plist */ = {isa = PBXFileReference; lastKnownFileType = text.plist.xml; path = Info.plist; sourceTree = "<group>"; };
		877A9EB21D9E149D00EF6EE6 /* NoteListViewController.swift */ = {isa = PBXFileReference; fileEncoding = 4; lastKnownFileType = sourcecode.swift; path = NoteListViewController.swift; sourceTree = "<group>"; };
		877A9EB41D9E16BC00EF6EE6 /* Note.swift */ = {isa = PBXFileReference; fileEncoding = 4; lastKnownFileType = sourcecode.swift; path = Note.swift; sourceTree = "<group>"; };
		87CA218E1DA63B2B00416E38 /* NoteViewController.swift */ = {isa = PBXFileReference; fileEncoding = 4; lastKnownFileType = sourcecode.swift; path = NoteViewController.swift; sourceTree = "<group>"; };
		A51F087F1DF34D3E00E20B78 /* DataManager.swift */ = {isa = PBXFileReference; fileEncoding = 4; lastKnownFileType = sourcecode.swift; name = DataManager.swift; path = Service/DataManager.swift; sourceTree = "<group>"; };
		A51F08811DF3517900E20B78 /* DatabaseService.swift */ = {isa = PBXFileReference; fileEncoding = 4; lastKnownFileType = sourcecode.swift; path = DatabaseService.swift; sourceTree = "<group>"; };
		A527D21F1DF07F1600BF9F02 /* NoteApp_Swift-Bridging-Header.h */ = {isa = PBXFileReference; fileEncoding = 4; lastKnownFileType = sourcecode.c.h; path = "NoteApp_Swift-Bridging-Header.h"; sourceTree = "<group>"; };
		A527D2241DF215FA00BF9F02 /* fei.sqlite */ = {isa = PBXFileReference; lastKnownFileType = file; path = fei.sqlite; sourceTree = "<group>"; };
		A5F152DA1DEE52AB00C9ACF0 /* FMDatabase.h */ = {isa = PBXFileReference; fileEncoding = 4; lastKnownFileType = sourcecode.c.h; name = FMDatabase.h; path = "../../../../Downloads/fmdb-master 2/src/fmdb/FMDatabase.h"; sourceTree = "<group>"; };
		A5F152DB1DEE52AB00C9ACF0 /* FMDatabase.m */ = {isa = PBXFileReference; fileEncoding = 4; lastKnownFileType = sourcecode.c.objc; name = FMDatabase.m; path = "../../../../Downloads/fmdb-master 2/src/fmdb/FMDatabase.m"; sourceTree = "<group>"; };
		A5F152DC1DEE52AB00C9ACF0 /* FMDatabaseAdditions.h */ = {isa = PBXFileReference; fileEncoding = 4; lastKnownFileType = sourcecode.c.h; name = FMDatabaseAdditions.h; path = "../../../../Downloads/fmdb-master 2/src/fmdb/FMDatabaseAdditions.h"; sourceTree = "<group>"; };
		A5F152DD1DEE52AB00C9ACF0 /* FMDatabaseAdditions.m */ = {isa = PBXFileReference; fileEncoding = 4; lastKnownFileType = sourcecode.c.objc; name = FMDatabaseAdditions.m; path = "../../../../Downloads/fmdb-master 2/src/fmdb/FMDatabaseAdditions.m"; sourceTree = "<group>"; };
		A5F152DE1DEE52AB00C9ACF0 /* FMDatabasePool.h */ = {isa = PBXFileReference; fileEncoding = 4; lastKnownFileType = sourcecode.c.h; name = FMDatabasePool.h; path = "../../../../Downloads/fmdb-master 2/src/fmdb/FMDatabasePool.h"; sourceTree = "<group>"; };
		A5F152DF1DEE52AB00C9ACF0 /* FMDatabasePool.m */ = {isa = PBXFileReference; fileEncoding = 4; lastKnownFileType = sourcecode.c.objc; name = FMDatabasePool.m; path = "../../../../Downloads/fmdb-master 2/src/fmdb/FMDatabasePool.m"; sourceTree = "<group>"; };
		A5F152E01DEE52AB00C9ACF0 /* FMDatabaseQueue.h */ = {isa = PBXFileReference; fileEncoding = 4; lastKnownFileType = sourcecode.c.h; name = FMDatabaseQueue.h; path = "../../../../Downloads/fmdb-master 2/src/fmdb/FMDatabaseQueue.h"; sourceTree = "<group>"; };
		A5F152E11DEE52AB00C9ACF0 /* FMDatabaseQueue.m */ = {isa = PBXFileReference; fileEncoding = 4; lastKnownFileType = sourcecode.c.objc; name = FMDatabaseQueue.m; path = "../../../../Downloads/fmdb-master 2/src/fmdb/FMDatabaseQueue.m"; sourceTree = "<group>"; };
		A5F152E21DEE52AB00C9ACF0 /* FMDB.h */ = {isa = PBXFileReference; fileEncoding = 4; lastKnownFileType = sourcecode.c.h; name = FMDB.h; path = "../../../../Downloads/fmdb-master 2/src/fmdb/FMDB.h"; sourceTree = "<group>"; };
		A5F152E31DEE52AB00C9ACF0 /* FMResultSet.h */ = {isa = PBXFileReference; fileEncoding = 4; lastKnownFileType = sourcecode.c.h; name = FMResultSet.h; path = "../../../../Downloads/fmdb-master 2/src/fmdb/FMResultSet.h"; sourceTree = "<group>"; };
		A5F152E41DEE52AB00C9ACF0 /* FMResultSet.m */ = {isa = PBXFileReference; fileEncoding = 4; lastKnownFileType = sourcecode.c.objc; name = FMResultSet.m; path = "../../../../Downloads/fmdb-master 2/src/fmdb/FMResultSet.m"; sourceTree = "<group>"; };
		A5F152E51DEE52AB00C9ACF0 /* Info.plist */ = {isa = PBXFileReference; fileEncoding = 4; lastKnownFileType = text.plist.xml; name = Info.plist; path = "../../../../Downloads/fmdb-master 2/src/fmdb/Info.plist"; sourceTree = "<group>"; };
		A5F152F21DEEBADA00C9ACF0 /* Util.swift */ = {isa = PBXFileReference; fileEncoding = 4; lastKnownFileType = sourcecode.swift; name = Util.swift; path = "../../../../Downloads/How-to-use-SQLite-Database-in-Swift-master/DbDemoExampleSwift/Model/Util.swift"; sourceTree = "<group>"; };
		A5F191951DEE4F7400A797F5 /* libsqlite3.0.tbd */ = {isa = PBXFileReference; lastKnownFileType = "sourcecode.text-based-dylib-definition"; name = libsqlite3.0.tbd; path = usr/lib/libsqlite3.0.tbd; sourceTree = SDKROOT; };
		A5F191971DEE524700A797F5 /* fmdb */ = {isa = PBXFileReference; lastKnownFileType = folder; name = fmdb; path = "/Users/FEI/Downloads/fmdb-master 2/src/fmdb"; sourceTree = "<absolute>"; };
/* End PBXFileReference section */

/* Begin PBXFrameworksBuildPhase section */
		877A9E9A1D9E13B100EF6EE6 /* Frameworks */ = {
			isa = PBXFrameworksBuildPhase;
			buildActionMask = 2147483647;
			files = (
				A5F191961DEE4F7400A797F5 /* libsqlite3.0.tbd in Frameworks */,
			);
			runOnlyForDeploymentPostprocessing = 0;
		};
/* End PBXFrameworksBuildPhase section */

/* Begin PBXGroup section */
		877A9E941D9E13B100EF6EE6 = {
			isa = PBXGroup;
			children = (
				877A9E9F1D9E13B100EF6EE6 /* NoteApp_Swift */,
				877A9E9E1D9E13B100EF6EE6 /* Products */,
				A5F191941DEE4F7400A797F5 /* Frameworks */,
			);
			sourceTree = "<group>";
		};
		877A9E9E1D9E13B100EF6EE6 /* Products */ = {
			isa = PBXGroup;
			children = (
				877A9E9D1D9E13B100EF6EE6 /* NoteApp_Swift.app */,
			);
			name = Products;
			sourceTree = "<group>";
		};
		877A9E9F1D9E13B100EF6EE6 /* NoteApp_Swift */ = {
			isa = PBXGroup;
			children = (
				A51F087E1DF34CEB00E20B78 /* Service */,
				A51F087D1DF3416500E20B78 /* Controller */,
				A51F087C1DF3415100E20B78 /* Header */,
				A51F087B1DF3413C00E20B78 /* Model */,
				A51F087A1DF33D5700E20B78 /* FMDB */,
				A527D2241DF215FA00BF9F02 /* fei.sqlite */,
				A5F152E51DEE52AB00C9ACF0 /* Info.plist */,
				877A9EA01D9E13B100EF6EE6 /* AppDelegate.swift */,
				877A9EA71D9E13B100EF6EE6 /* Assets.xcassets */,
				877A9EA41D9E13B100EF6EE6 /* Main.storyboard */,
				877A9EAC1D9E13B100EF6EE6 /* Info.plist */,
			);
			path = NoteApp_Swift;
			sourceTree = "<group>";
		};
		A51F087A1DF33D5700E20B78 /* FMDB */ = {
			isa = PBXGroup;
			children = (
				A5F152DB1DEE52AB00C9ACF0 /* FMDatabase.m */,
				A5F152DC1DEE52AB00C9ACF0 /* FMDatabaseAdditions.h */,
				A5F152DD1DEE52AB00C9ACF0 /* FMDatabaseAdditions.m */,
				A5F152DE1DEE52AB00C9ACF0 /* FMDatabasePool.h */,
				A5F152DF1DEE52AB00C9ACF0 /* FMDatabasePool.m */,
				A5F152E01DEE52AB00C9ACF0 /* FMDatabaseQueue.h */,
				A5F152E11DEE52AB00C9ACF0 /* FMDatabaseQueue.m */,
				A5F152E21DEE52AB00C9ACF0 /* FMDB.h */,
				A5F152E31DEE52AB00C9ACF0 /* FMResultSet.h */,
				A5F152E41DEE52AB00C9ACF0 /* FMResultSet.m */,
				A5F152DA1DEE52AB00C9ACF0 /* FMDatabase.h */,
			);
			name = FMDB;
			sourceTree = "<group>";
		};
		A51F087B1DF3413C00E20B78 /* Model */ = {
			isa = PBXGroup;
			children = (
				877A9EB41D9E16BC00EF6EE6 /* Note.swift */,
				A5F152F21DEEBADA00C9ACF0 /* Util.swift */,
			);
			name = Model;
			sourceTree = "<group>";
		};
		A51F087C1DF3415100E20B78 /* Header */ = {
			isa = PBXGroup;
			children = (
				A527D21F1DF07F1600BF9F02 /* NoteApp_Swift-Bridging-Header.h */,
			);
			name = Header;
			sourceTree = "<group>";
		};
		A51F087D1DF3416500E20B78 /* Controller */ = {
			isa = PBXGroup;
			children = (
				877A9EB21D9E149D00EF6EE6 /* NoteListViewController.swift */,
				87CA218E1DA63B2B00416E38 /* NoteViewController.swift */,
			);
			name = Controller;
			sourceTree = "<group>";
		};
		A51F087E1DF34CEB00E20B78 /* Service */ = {
			isa = PBXGroup;
			children = (
				A51F087F1DF34D3E00E20B78 /* DataManager.swift */,
				A51F08811DF3517900E20B78 /* DatabaseService.swift */,
			);
			name = Service;
			sourceTree = "<group>";
		};
		A5F191941DEE4F7400A797F5 /* Frameworks */ = {
			isa = PBXGroup;
			children = (
				A5F191951DEE4F7400A797F5 /* libsqlite3.0.tbd */,
			);
			name = Frameworks;
			sourceTree = "<group>";
		};
/* End PBXGroup section */

/* Begin PBXNativeTarget section */
		877A9E9C1D9E13B100EF6EE6 /* NoteApp_Swift */ = {
			isa = PBXNativeTarget;
			buildConfigurationList = 877A9EAF1D9E13B100EF6EE6 /* Build configuration list for PBXNativeTarget "NoteApp_Swift" */;
			buildPhases = (
				877A9E991D9E13B100EF6EE6 /* Sources */,
				877A9E9A1D9E13B100EF6EE6 /* Frameworks */,
				877A9E9B1D9E13B100EF6EE6 /* Resources */,
			);
			buildRules = (
			);
			dependencies = (
			);
			name = NoteApp_Swift;
			productName = NoteApp_Swift;
			productReference = 877A9E9D1D9E13B100EF6EE6 /* NoteApp_Swift.app */;
			productType = "com.apple.product-type.application";
		};
/* End PBXNativeTarget section */

/* Begin PBXProject section */
		877A9E951D9E13B100EF6EE6 /* Project object */ = {
			isa = PBXProject;
			attributes = {
				LastSwiftUpdateCheck = 0800;
				LastUpgradeCheck = 0810;
				ORGANIZATIONNAME = Fei;
				TargetAttributes = {
					877A9E9C1D9E13B100EF6EE6 = {
						CreatedOnToolsVersion = 8.0;
						LastSwiftMigration = 0810;
						ProvisioningStyle = Automatic;
					};
				};
			};
			buildConfigurationList = 877A9E981D9E13B100EF6EE6 /* Build configuration list for PBXProject "NoteApp_Swift" */;
			compatibilityVersion = "Xcode 3.2";
			developmentRegion = English;
			hasScannedForEncodings = 0;
			knownRegions = (
				en,
				Base,
			);
			mainGroup = 877A9E941D9E13B100EF6EE6;
			productRefGroup = 877A9E9E1D9E13B100EF6EE6 /* Products */;
			projectDirPath = "";
			projectRoot = "";
			targets = (
				877A9E9C1D9E13B100EF6EE6 /* NoteApp_Swift */,
			);
		};
/* End PBXProject section */

/* Begin PBXResourcesBuildPhase section */
		877A9E9B1D9E13B100EF6EE6 /* Resources */ = {
			isa = PBXResourcesBuildPhase;
			buildActionMask = 2147483647;
			files = (
				A5F152EB1DEE52AB00C9ACF0 /* Info.plist in Resources */,
				877A9EA81D9E13B100EF6EE6 /* Assets.xcassets in Resources */,
				A5F191981DEE524700A797F5 /* fmdb in Resources */,
				A527D2251DF215FA00BF9F02 /* fei.sqlite in Resources */,
				877A9EA61D9E13B100EF6EE6 /* Main.storyboard in Resources */,
			);
			runOnlyForDeploymentPostprocessing = 0;
		};
/* End PBXResourcesBuildPhase section */

/* Begin PBXSourcesBuildPhase section */
		877A9E991D9E13B100EF6EE6 /* Sources */ = {
			isa = PBXSourcesBuildPhase;
			buildActionMask = 2147483647;
			files = (
				87CA218F1DA63B2B00416E38 /* NoteViewController.swift in Sources */,
				A5F152E91DEE52AB00C9ACF0 /* FMDatabaseQueue.m in Sources */,
				877A9EA11D9E13B100EF6EE6 /* AppDelegate.swift in Sources */,
				877A9EB31D9E149D00EF6EE6 /* NoteListViewController.swift in Sources */,
				A5F152E61DEE52AB00C9ACF0 /* FMDatabase.m in Sources */,
				A5F152E81DEE52AB00C9ACF0 /* FMDatabasePool.m in Sources */,
				A51F08821DF3517900E20B78 /* DatabaseService.swift in Sources */,
				A5F152EA1DEE52AB00C9ACF0 /* FMResultSet.m in Sources */,
				A5F152F31DEEBADA00C9ACF0 /* Util.swift in Sources */,
				A51F08801DF34D3E00E20B78 /* DataManager.swift in Sources */,
				877A9EB51D9E16BC00EF6EE6 /* Note.swift in Sources */,
				A5F152E71DEE52AB00C9ACF0 /* FMDatabaseAdditions.m in Sources */,
			);
			runOnlyForDeploymentPostprocessing = 0;
		};
/* End PBXSourcesBuildPhase section */

/* Begin PBXVariantGroup section */
		877A9EA41D9E13B100EF6EE6 /* Main.storyboard */ = {
			isa = PBXVariantGroup;
			children = (
				877A9EA51D9E13B100EF6EE6 /* Base */,
			);
			name = Main.storyboard;
			sourceTree = "<group>";
		};
/* End PBXVariantGroup section */

/* Begin XCBuildConfiguration section */
		877A9EAD1D9E13B100EF6EE6 /* Debug */ = {
			isa = XCBuildConfiguration;
			buildSettings = {
				ALWAYS_SEARCH_USER_PATHS = NO;
				CLANG_ANALYZER_NONNULL = YES;
				CLANG_CXX_LANGUAGE_STANDARD = "gnu++0x";
				CLANG_CXX_LIBRARY = "libc++";
				CLANG_ENABLE_MODULES = YES;
				CLANG_ENABLE_OBJC_ARC = YES;
				CLANG_WARN_BOOL_CONVERSION = YES;
				CLANG_WARN_CONSTANT_CONVERSION = YES;
				CLANG_WARN_DIRECT_OBJC_ISA_USAGE = YES_ERROR;
				CLANG_WARN_DOCUMENTATION_COMMENTS = YES;
				CLANG_WARN_EMPTY_BODY = YES;
				CLANG_WARN_ENUM_CONVERSION = YES;
				CLANG_WARN_INFINITE_RECURSION = YES;
				CLANG_WARN_INT_CONVERSION = YES;
				CLANG_WARN_OBJC_ROOT_CLASS = YES_ERROR;
				CLANG_WARN_SUSPICIOUS_MOVE = YES;
				CLANG_WARN_SUSPICIOUS_MOVES = YES;
				CLANG_WARN_UNREACHABLE_CODE = YES;
				CLANG_WARN__DUPLICATE_METHOD_MATCH = YES;
				"CODE_SIGN_IDENTITY[sdk=iphoneos*]" = "iPhone Developer";
				COPY_PHASE_STRIP = NO;
				DEBUG_INFORMATION_FORMAT = dwarf;
				ENABLE_STRICT_OBJC_MSGSEND = YES;
				ENABLE_TESTABILITY = YES;
				GCC_C_LANGUAGE_STANDARD = gnu99;
				GCC_DYNAMIC_NO_PIC = NO;
				GCC_NO_COMMON_BLOCKS = YES;
				GCC_OPTIMIZATION_LEVEL = 0;
				GCC_PREPROCESSOR_DEFINITIONS = (
					"DEBUG=1",
					"$(inherited)",
				);
				GCC_WARN_64_TO_32_BIT_CONVERSION = YES;
				GCC_WARN_ABOUT_RETURN_TYPE = YES_ERROR;
				GCC_WARN_UNDECLARED_SELECTOR = YES;
				GCC_WARN_UNINITIALIZED_AUTOS = YES_AGGRESSIVE;
				GCC_WARN_UNUSED_FUNCTION = YES;
				GCC_WARN_UNUSED_VARIABLE = YES;
				IPHONEOS_DEPLOYMENT_TARGET = 10.0;
				MTL_ENABLE_DEBUG_INFO = YES;
				ONLY_ACTIVE_ARCH = YES;
				SDKROOT = iphoneos;
				SWIFT_ACTIVE_COMPILATION_CONDITIONS = DEBUG;
				SWIFT_OPTIMIZATION_LEVEL = "-Onone";
				TARGETED_DEVICE_FAMILY = "1,2";
			};
			name = Debug;
		};
		877A9EAE1D9E13B100EF6EE6 /* Release */ = {
			isa = XCBuildConfiguration;
			buildSettings = {
				ALWAYS_SEARCH_USER_PATHS = NO;
				CLANG_ANALYZER_NONNULL = YES;
				CLANG_CXX_LANGUAGE_STANDARD = "gnu++0x";
				CLANG_CXX_LIBRARY = "libc++";
				CLANG_ENABLE_MODULES = YES;
				CLANG_ENABLE_OBJC_ARC = YES;
				CLANG_WARN_BOOL_CONVERSION = YES;
				CLANG_WARN_CONSTANT_CONVERSION = YES;
				CLANG_WARN_DIRECT_OBJC_ISA_USAGE = YES_ERROR;
				CLANG_WARN_DOCUMENTATION_COMMENTS = YES;
				CLANG_WARN_EMPTY_BODY = YES;
				CLANG_WARN_ENUM_CONVERSION = YES;
				CLANG_WARN_INFINITE_RECURSION = YES;
				CLANG_WARN_INT_CONVERSION = YES;
				CLANG_WARN_OBJC_ROOT_CLASS = YES_ERROR;
				CLANG_WARN_SUSPICIOUS_MOVE = YES;
				CLANG_WARN_SUSPICIOUS_MOVES = YES;
				CLANG_WARN_UNREACHABLE_CODE = YES;
				CLANG_WARN__DUPLICATE_METHOD_MATCH = YES;
				"CODE_SIGN_IDENTITY[sdk=iphoneos*]" = "iPhone Developer";
				COPY_PHASE_STRIP = NO;
				DEBUG_INFORMATION_FORMAT = "dwarf-with-dsym";
				ENABLE_NS_ASSERTIONS = NO;
				ENABLE_STRICT_OBJC_MSGSEND = YES;
				GCC_C_LANGUAGE_STANDARD = gnu99;
				GCC_NO_COMMON_BLOCKS = YES;
				GCC_WARN_64_TO_32_BIT_CONVERSION = YES;
				GCC_WARN_ABOUT_RETURN_TYPE = YES_ERROR;
				GCC_WARN_UNDECLARED_SELECTOR = YES;
				GCC_WARN_UNINITIALIZED_AUTOS = YES_AGGRESSIVE;
				GCC_WARN_UNUSED_FUNCTION = YES;
				GCC_WARN_UNUSED_VARIABLE = YES;
				IPHONEOS_DEPLOYMENT_TARGET = 10.0;
				MTL_ENABLE_DEBUG_INFO = NO;
				SDKROOT = iphoneos;
				SWIFT_OPTIMIZATION_LEVEL = "-Owholemodule";
				TARGETED_DEVICE_FAMILY = "1,2";
				VALIDATE_PRODUCT = YES;
			};
			name = Release;
		};
		877A9EB01D9E13B100EF6EE6 /* Debug */ = {
			isa = XCBuildConfiguration;
			buildSettings = {
				ASSETCATALOG_COMPILER_APPICON_NAME = AppIcon;
				CLANG_ENABLE_MODULES = YES;
				INFOPLIST_FILE = NoteApp_Swift/Info.plist;
				LD_RUNPATH_SEARCH_PATHS = "$(inherited) @executable_path/Frameworks";
				PRODUCT_BUNDLE_IDENTIFIER = "dev.kingchenkong.NoteApp-Swift";
				PRODUCT_NAME = "$(TARGET_NAME)";
				SWIFT_OBJC_BRIDGING_HEADER = "NoteApp_Swift/NoteApp_Swift-Bridging-Header.h";
				SWIFT_OPTIMIZATION_LEVEL = "-Onone";
				SWIFT_VERSION = 3.0;
				kj = "";
			};
			name = Debug;
		};
		877A9EB11D9E13B100EF6EE6 /* Release */ = {
			isa = XCBuildConfiguration;
			buildSettings = {
				ASSETCATALOG_COMPILER_APPICON_NAME = AppIcon;
				CLANG_ENABLE_MODULES = YES;
				INFOPLIST_FILE = NoteApp_Swift/Info.plist;
				LD_RUNPATH_SEARCH_PATHS = "$(inherited) @executable_path/Frameworks";
				PRODUCT_BUNDLE_IDENTIFIER = "dev.kingchenkong.NoteApp-Swift";
				PRODUCT_NAME = "$(TARGET_NAME)";
				SWIFT_OBJC_BRIDGING_HEADER = "NoteApp_Swift/NoteApp_Swift-Bridging-Header.h";
				SWIFT_VERSION = 3.0;
				kj = "";
			};
			name = Release;
		};
/* End XCBuildConfiguration section */

/* Begin XCConfigurationList section */
		877A9E981D9E13B100EF6EE6 /* Build configuration list for PBXProject "NoteApp_Swift" */ = {
			isa = XCConfigurationList;
			buildConfigurations = (
				877A9EAD1D9E13B100EF6EE6 /* Debug */,
				877A9EAE1D9E13B100EF6EE6 /* Release */,
			);
			defaultConfigurationIsVisible = 0;
			defaultConfigurationName = Release;
		};
		877A9EAF1D9E13B100EF6EE6 /* Build configuration list for PBXNativeTarget "NoteApp_Swift" */ = {
			isa = XCConfigurationList;
			buildConfigurations = (
				877A9EB01D9E13B100EF6EE6 /* Debug */,
				877A9EB11D9E13B100EF6EE6 /* Release */,
			);
			defaultConfigurationIsVisible = 0;
			defaultConfigurationName = Release;
		};
/* End XCConfigurationList section */
	};
	rootObject = 877A9E951D9E13B100EF6EE6 /* Project object */;
}
